
Microsoft Visual Studio Solution File, Format Version 12.00
# Visual Studio Version 17
VisualStudioVersion = 17.3.32922.545
MinimumVisualStudioVersion = 10.0.40219.1
Project("{2150E333-8FDC-42A3-9474-1A3956D46DE8}") = "Modules", "Modules", "{6DA2ACEC-049D-4542-8199-3777F65BF003}"
EndProject
Project("{2150E333-8FDC-42A3-9474-1A3956D46DE8}") = "Applications", "Applications", "{59F31712-DFCD-4F38-A08D-BA6CF270CD58}"
EndProject
Project("{9A19103F-16F7-4668-BE54-9A1E7A4F7556}") = "Applications.WebApi", "Modules\Applications\Applications.WebApi\Applications.WebApi.csproj", "{6DA4EBCA-EF14-4814-B464-E8FD28152C6D}"
EndProject
Project("{9A19103F-16F7-4668-BE54-9A1E7A4F7556}") = "Applications.Application", "Modules\Applications\Applications.Application\Applications.Application.csproj", "{3906B394-A571-400C-8857-AAEFB0915E13}"
EndProject
Project("{2150E333-8FDC-42A3-9474-1A3956D46DE8}") = "Common", "Common", "{76F25135-7025-4D8E-A8C0-66CED09ADDAD}"
EndProject
Project("{9A19103F-16F7-4668-BE54-9A1E7A4F7556}") = "Common.Application", "Common\Common.Application\Common.Application.csproj", "{F65B660A-3D47-4D6F-A544-A8953F9D2554}"
EndProject
Project("{E53339B2-1760-4266-BCC7-CA923CBCF16C}") = "docker-compose", "docker-compose.dcproj", "{A185CA2A-24C7-461F-BF07-A80B4FFD23C9}"
EndProject
Project("{2150E333-8FDC-42A3-9474-1A3956D46DE8}") = "Elementy rozwiązania", "Elementy rozwiązania", "{A7C7DEA0-25BB-4AB2-A0AB-659FA08EA1A8}"
	ProjectSection(SolutionItems) = preProject
		.env = .env
		config\otel-collector-config.yaml = config\otel-collector-config.yaml
	EndProjectSection
EndProject
Project("{2150E333-8FDC-42A3-9474-1A3956D46DE8}") = "BPMN", "BPMN", "{9B3C7712-6C9E-427A-BC80-57754734767F}"
	ProjectSection(SolutionItems) = preProject
		BPMN\credit-application.bpmn = BPMN\credit-application.bpmn
	EndProjectSection
EndProject
Project("{2150E333-8FDC-42A3-9474-1A3956D46DE8}") = "Calculations", "Calculations", "{5657C541-D5D8-45F2-8F42-99CD0CE9FA66}"
EndProject
Project("{9A19103F-16F7-4668-BE54-9A1E7A4F7556}") = "Calculations.WebApi", "Modules\Calculations\Calculations.WebApi\Calculations.WebApi.csproj", "{5289AD69-8844-463B-A99A-BB6EB7A7127E}"
EndProject
Project("{9A19103F-16F7-4668-BE54-9A1E7A4F7556}") = "Calculations.Application", "Modules\Calculations\Calculations.Application\Calculations.Application.csproj", "{418CFE30-1EBC-4F49-8464-765601EF037C}"
EndProject
Project("{2150E333-8FDC-42A3-9474-1A3956D46DE8}") = "Camunda", "Camunda", "{9625277D-CE06-4BC3-B0FE-D8BFF6E88030}"
EndProject
Project("{9A19103F-16F7-4668-BE54-9A1E7A4F7556}") = "Camunda.Client", "Camunda\Camunda.Client\Camunda.Client.csproj", "{150B0C3C-9239-4115-8504-6429207DC0AC}"
EndProject
Project("{9A19103F-16F7-4668-BE54-9A1E7A4F7556}") = "Camunda.Connector.SDK.Core", "Camunda\Camunda.Connector.SDK.Core\Camunda.Connector.SDK.Core.csproj", "{E81EF133-6AE1-4A55-B9F2-C623741A4A11}"
EndProject
Project("{9A19103F-16F7-4668-BE54-9A1E7A4F7556}") = "Camunda.Connector.SDK.Runtime.Util", "Camunda\Camunda.Connector.SDK.Runtime.Util\Camunda.Connector.SDK.Runtime.Util.csproj", "{EFC79D67-7A92-4484-837C-D131831C2F72}"
EndProject
Project("{9A19103F-16F7-4668-BE54-9A1E7A4F7556}") = "Camunda.Connector.Kafka", "Camunda\Camunda.Connector.Kafka\Camunda.Connector.Kafka.csproj", "{D3D1D4D6-9F12-49F8-8F94-6CB90FE58255}"
EndProject
Project("{9A19103F-16F7-4668-BE54-9A1E7A4F7556}") = "Utility.KafkaConnector", "Modules\KafkaConnector\Utility.KafkaConnector\Utility.KafkaConnector.csproj", "{021540FD-F788-48EE-B4DA-6E41C5CB49A2}"
EndProject
Project("{2150E333-8FDC-42A3-9474-1A3956D46DE8}") = "Utility", "Utility", "{6F42F3F7-D785-48C8-A49C-08888CF522D8}"
EndProject
Project("{9A19103F-16F7-4668-BE54-9A1E7A4F7556}") = "Common.Kafka", "Common\Common.Kafka\Common.Kafka.csproj", "{396FBA59-6B4A-4B64-8BF1-B80645208A4B}"
EndProject
Project("{9A19103F-16F7-4668-BE54-9A1E7A4F7556}") = "Camunda.Connector.SDK.Runtime", "Camunda\Camunda.Connector.SDK.Runtime\Camunda.Connector.SDK.Runtime.csproj", "{75AE80A1-461B-4F55-AC92-D73374CDED3D}"
EndProject
Project("{9A19103F-16F7-4668-BE54-9A1E7A4F7556}") = "Camunda.Connector.SDK.Runtime.Tests", "Camunda\Camunda.Connector.SDK.Runtime.Tests\Camunda.Connector.SDK.Runtime.Tests.csproj", "{9B741F05-38C1-4BA1-B2EC-297CFE56DD35}"
EndProject
Project("{FAE04EC0-301F-11D3-BF4B-00C04F79EFBC}") = "Camunda.BPMNV2", "Camunda\Camunda.BPMNV2\Camunda.BPMNV2.csproj", "{1D04598C-EBC0-4E06-8BEB-04AE4EDA82E6}"
EndProject
Global
	GlobalSection(SolutionConfigurationPlatforms) = preSolution
		Debug|Any CPU = Debug|Any CPU
		Release|Any CPU = Release|Any CPU
	EndGlobalSection
	GlobalSection(ProjectConfigurationPlatforms) = postSolution
		{6DA4EBCA-EF14-4814-B464-E8FD28152C6D}.Debug|Any CPU.ActiveCfg = Debug|Any CPU
		{6DA4EBCA-EF14-4814-B464-E8FD28152C6D}.Debug|Any CPU.Build.0 = Debug|Any CPU
		{6DA4EBCA-EF14-4814-B464-E8FD28152C6D}.Release|Any CPU.ActiveCfg = Release|Any CPU
		{6DA4EBCA-EF14-4814-B464-E8FD28152C6D}.Release|Any CPU.Build.0 = Release|Any CPU
		{3906B394-A571-400C-8857-AAEFB0915E13}.Debug|Any CPU.ActiveCfg = Debug|Any CPU
		{3906B394-A571-400C-8857-AAEFB0915E13}.Debug|Any CPU.Build.0 = Debug|Any CPU
		{3906B394-A571-400C-8857-AAEFB0915E13}.Release|Any CPU.ActiveCfg = Release|Any CPU
		{3906B394-A571-400C-8857-AAEFB0915E13}.Release|Any CPU.Build.0 = Release|Any CPU
		{F65B660A-3D47-4D6F-A544-A8953F9D2554}.Debug|Any CPU.ActiveCfg = Debug|Any CPU
		{F65B660A-3D47-4D6F-A544-A8953F9D2554}.Debug|Any CPU.Build.0 = Debug|Any CPU
		{F65B660A-3D47-4D6F-A544-A8953F9D2554}.Release|Any CPU.ActiveCfg = Release|Any CPU
		{F65B660A-3D47-4D6F-A544-A8953F9D2554}.Release|Any CPU.Build.0 = Release|Any CPU
		{A185CA2A-24C7-461F-BF07-A80B4FFD23C9}.Debug|Any CPU.ActiveCfg = Debug|Any CPU
		{A185CA2A-24C7-461F-BF07-A80B4FFD23C9}.Debug|Any CPU.Build.0 = Debug|Any CPU
		{A185CA2A-24C7-461F-BF07-A80B4FFD23C9}.Release|Any CPU.ActiveCfg = Release|Any CPU
		{A185CA2A-24C7-461F-BF07-A80B4FFD23C9}.Release|Any CPU.Build.0 = Release|Any CPU
		{5289AD69-8844-463B-A99A-BB6EB7A7127E}.Debug|Any CPU.ActiveCfg = Debug|Any CPU
		{5289AD69-8844-463B-A99A-BB6EB7A7127E}.Debug|Any CPU.Build.0 = Debug|Any CPU
		{5289AD69-8844-463B-A99A-BB6EB7A7127E}.Release|Any CPU.ActiveCfg = Release|Any CPU
		{5289AD69-8844-463B-A99A-BB6EB7A7127E}.Release|Any CPU.Build.0 = Release|Any CPU
		{418CFE30-1EBC-4F49-8464-765601EF037C}.Debug|Any CPU.ActiveCfg = Debug|Any CPU
		{418CFE30-1EBC-4F49-8464-765601EF037C}.Debug|Any CPU.Build.0 = Debug|Any CPU
		{418CFE30-1EBC-4F49-8464-765601EF037C}.Release|Any CPU.ActiveCfg = Release|Any CPU
		{418CFE30-1EBC-4F49-8464-765601EF037C}.Release|Any CPU.Build.0 = Release|Any CPU
		{150B0C3C-9239-4115-8504-6429207DC0AC}.Debug|Any CPU.ActiveCfg = Debug|Any CPU
		{150B0C3C-9239-4115-8504-6429207DC0AC}.Debug|Any CPU.Build.0 = Debug|Any CPU
		{150B0C3C-9239-4115-8504-6429207DC0AC}.Release|Any CPU.ActiveCfg = Release|Any CPU
		{150B0C3C-9239-4115-8504-6429207DC0AC}.Release|Any CPU.Build.0 = Release|Any CPU
		{E81EF133-6AE1-4A55-B9F2-C623741A4A11}.Debug|Any CPU.ActiveCfg = Debug|Any CPU
		{E81EF133-6AE1-4A55-B9F2-C623741A4A11}.Debug|Any CPU.Build.0 = Debug|Any CPU
		{E81EF133-6AE1-4A55-B9F2-C623741A4A11}.Release|Any CPU.ActiveCfg = Release|Any CPU
		{E81EF133-6AE1-4A55-B9F2-C623741A4A11}.Release|Any CPU.Build.0 = Release|Any CPU
		{EFC79D67-7A92-4484-837C-D131831C2F72}.Debug|Any CPU.ActiveCfg = Debug|Any CPU
		{EFC79D67-7A92-4484-837C-D131831C2F72}.Debug|Any CPU.Build.0 = Debug|Any CPU
		{EFC79D67-7A92-4484-837C-D131831C2F72}.Release|Any CPU.ActiveCfg = Release|Any CPU
		{EFC79D67-7A92-4484-837C-D131831C2F72}.Release|Any CPU.Build.0 = Release|Any CPU
		{D3D1D4D6-9F12-49F8-8F94-6CB90FE58255}.Debug|Any CPU.ActiveCfg = Debug|Any CPU
		{D3D1D4D6-9F12-49F8-8F94-6CB90FE58255}.Debug|Any CPU.Build.0 = Debug|Any CPU
		{D3D1D4D6-9F12-49F8-8F94-6CB90FE58255}.Release|Any CPU.ActiveCfg = Release|Any CPU
		{D3D1D4D6-9F12-49F8-8F94-6CB90FE58255}.Release|Any CPU.Build.0 = Release|Any CPU
		{021540FD-F788-48EE-B4DA-6E41C5CB49A2}.Debug|Any CPU.ActiveCfg = Debug|Any CPU
		{021540FD-F788-48EE-B4DA-6E41C5CB49A2}.Debug|Any CPU.Build.0 = Debug|Any CPU
		{021540FD-F788-48EE-B4DA-6E41C5CB49A2}.Release|Any CPU.ActiveCfg = Release|Any CPU
		{021540FD-F788-48EE-B4DA-6E41C5CB49A2}.Release|Any CPU.Build.0 = Release|Any CPU
		{396FBA59-6B4A-4B64-8BF1-B80645208A4B}.Debug|Any CPU.ActiveCfg = Debug|Any CPU
		{396FBA59-6B4A-4B64-8BF1-B80645208A4B}.Debug|Any CPU.Build.0 = Debug|Any CPU
		{396FBA59-6B4A-4B64-8BF1-B80645208A4B}.Release|Any CPU.ActiveCfg = Release|Any CPU
		{396FBA59-6B4A-4B64-8BF1-B80645208A4B}.Release|Any CPU.Build.0 = Release|Any CPU
		{75AE80A1-461B-4F55-AC92-D73374CDED3D}.Debug|Any CPU.ActiveCfg = Debug|Any CPU
		{75AE80A1-461B-4F55-AC92-D73374CDED3D}.Debug|Any CPU.Build.0 = Debug|Any CPU
		{75AE80A1-461B-4F55-AC92-D73374CDED3D}.Release|Any CPU.ActiveCfg = Release|Any CPU
		{75AE80A1-461B-4F55-AC92-D73374CDED3D}.Release|Any CPU.Build.0 = Release|Any CPU
		{9B741F05-38C1-4BA1-B2EC-297CFE56DD35}.Debug|Any CPU.ActiveCfg = Debug|Any CPU
		{9B741F05-38C1-4BA1-B2EC-297CFE56DD35}.Debug|Any CPU.Build.0 = Debug|Any CPU
		{9B741F05-38C1-4BA1-B2EC-297CFE56DD35}.Release|Any CPU.ActiveCfg = Release|Any CPU
		{9B741F05-38C1-4BA1-B2EC-297CFE56DD35}.Release|Any CPU.Build.0 = Release|Any CPU
		{1D04598C-EBC0-4E06-8BEB-04AE4EDA82E6}.Debug|Any CPU.ActiveCfg = Debug|Any CPU
		{1D04598C-EBC0-4E06-8BEB-04AE4EDA82E6}.Debug|Any CPU.Build.0 = Debug|Any CPU
		{1D04598C-EBC0-4E06-8BEB-04AE4EDA82E6}.Release|Any CPU.ActiveCfg = Release|Any CPU
		{1D04598C-EBC0-4E06-8BEB-04AE4EDA82E6}.Release|Any CPU.Build.0 = Release|Any CPU
	EndGlobalSection
	GlobalSection(SolutionProperties) = preSolution
		HideSolutionNode = FALSE
	EndGlobalSection
	GlobalSection(NestedProjects) = preSolution
		{59F31712-DFCD-4F38-A08D-BA6CF270CD58} = {6DA2ACEC-049D-4542-8199-3777F65BF003}
		{6DA4EBCA-EF14-4814-B464-E8FD28152C6D} = {59F31712-DFCD-4F38-A08D-BA6CF270CD58}
		{3906B394-A571-400C-8857-AAEFB0915E13} = {59F31712-DFCD-4F38-A08D-BA6CF270CD58}
		{F65B660A-3D47-4D6F-A544-A8953F9D2554} = {76F25135-7025-4D8E-A8C0-66CED09ADDAD}
		{5657C541-D5D8-45F2-8F42-99CD0CE9FA66} = {6DA2ACEC-049D-4542-8199-3777F65BF003}
		{5289AD69-8844-463B-A99A-BB6EB7A7127E} = {5657C541-D5D8-45F2-8F42-99CD0CE9FA66}
		{418CFE30-1EBC-4F49-8464-765601EF037C} = {5657C541-D5D8-45F2-8F42-99CD0CE9FA66}
		{150B0C3C-9239-4115-8504-6429207DC0AC} = {9625277D-CE06-4BC3-B0FE-D8BFF6E88030}
		{E81EF133-6AE1-4A55-B9F2-C623741A4A11} = {9625277D-CE06-4BC3-B0FE-D8BFF6E88030}
		{EFC79D67-7A92-4484-837C-D131831C2F72} = {9625277D-CE06-4BC3-B0FE-D8BFF6E88030}
		{D3D1D4D6-9F12-49F8-8F94-6CB90FE58255} = {9625277D-CE06-4BC3-B0FE-D8BFF6E88030}
		{021540FD-F788-48EE-B4DA-6E41C5CB49A2} = {6F42F3F7-D785-48C8-A49C-08888CF522D8}
		{6F42F3F7-D785-48C8-A49C-08888CF522D8} = {6DA2ACEC-049D-4542-8199-3777F65BF003}
		{396FBA59-6B4A-4B64-8BF1-B80645208A4B} = {76F25135-7025-4D8E-A8C0-66CED09ADDAD}
		{75AE80A1-461B-4F55-AC92-D73374CDED3D} = {9625277D-CE06-4BC3-B0FE-D8BFF6E88030}
		{9B741F05-38C1-4BA1-B2EC-297CFE56DD35} = {9625277D-CE06-4BC3-B0FE-D8BFF6E88030}
		{1D04598C-EBC0-4E06-8BEB-04AE4EDA82E6} = {9625277D-CE06-4BC3-B0FE-D8BFF6E88030}
	EndGlobalSection
	GlobalSection(ExtensibilityGlobals) = postSolution
		SolutionGuid = {17E55403-D298-4E59-BD45-F0AE945859D1}
	EndGlobalSection
EndGlobal
