
Microsoft Visual Studio Solution File, Format Version 12.00
# Visual Studio Version 17
VisualStudioVersion = 17.3.32922.545
MinimumVisualStudioVersion = 10.0.40219.1
Project("{2150E333-8FDC-42A3-9474-1A3956D46DE8}") = "Modules", "Modules", "{6DA2ACEC-049D-4542-8199-3777F65BF003}"
EndProject
Project("{2150E333-8FDC-42A3-9474-1A3956D46DE8}") = "Applications", "Applications", "{59F31712-DFCD-4F38-A08D-BA6CF270CD58}"
EndProject
Project("{9A19103F-16F7-4668-BE54-9A1E7A4F7556}") = "Applications.WebApi", "Modules\Applications\Applications.WebApi\Applications.WebApi.csproj", "{6DA4EBCA-EF14-4814-B464-E8FD28152C6D}"
EndProject
Project("{9A19103F-16F7-4668-BE54-9A1E7A4F7556}") = "Applications.Application", "Modules\Applications\Applications.Application\Applications.Application.csproj", "{3906B394-A571-400C-8857-AAEFB0915E13}"
EndProject
Project("{2150E333-8FDC-42A3-9474-1A3956D46DE8}") = "Common", "Common", "{76F25135-7025-4D8E-A8C0-66CED09ADDAD}"
EndProject
Project("{9A19103F-16F7-4668-BE54-9A1E7A4F7556}") = "Common.Application", "Common\Common.Application\Common.Application.csproj", "{F65B660A-3D47-4D6F-A544-A8953F9D2554}"
EndProject
Project("{E53339B2-1760-4266-BCC7-CA923CBCF16C}") = "docker-compose", "docker-compose.dcproj", "{A185CA2A-24C7-461F-BF07-A80B4FFD23C9}"
EndProject
Project("{2150E333-8FDC-42A3-9474-1A3956D46DE8}") = "Elementy rozwiązania", "Elementy rozwiązania", "{A7C7DEA0-25BB-4AB2-A0AB-659FA08EA1A8}"
	ProjectSection(SolutionItems) = preProject
		.env = .env
		Directory.Build.props = Directory.Build.props
		Directory.Packages.props = Directory.Packages.props
		config\otel-collector-config.yaml = config\otel-collector-config.yaml
		README.md = README.md
	EndProjectSection
EndProject
Project("{2150E333-8FDC-42A3-9474-1A3956D46DE8}") = "Calculations", "Calculations", "{5657C541-D5D8-45F2-8F42-99CD0CE9FA66}"
EndProject
Project("{9A19103F-16F7-4668-BE54-9A1E7A4F7556}") = "Calculations.WebApi", "Modules\Calculations\Calculations.WebApi\Calculations.WebApi.csproj", "{5289AD69-8844-463B-A99A-BB6EB7A7127E}"
EndProject
Project("{9A19103F-16F7-4668-BE54-9A1E7A4F7556}") = "Calculations.Application", "Modules\Calculations\Calculations.Application\Calculations.Application.csproj", "{418CFE30-1EBC-4F49-8464-765601EF037C}"
EndProject
Project("{2150E333-8FDC-42A3-9474-1A3956D46DE8}") = "Camunda", "Camunda", "{9625277D-CE06-4BC3-B0FE-D8BFF6E88030}"
EndProject
Project("{9A19103F-16F7-4668-BE54-9A1E7A4F7556}") = "Camunda.Client", "Camunda\Camunda.Client\Camunda.Client.csproj", "{150B0C3C-9239-4115-8504-6429207DC0AC}"
EndProject
Project("{2150E333-8FDC-42A3-9474-1A3956D46DE8}") = "Frontend", "Frontend", "{9206460F-DA5F-4518-87EC-AA4D8A364EAB}"
EndProject
Project("{9A19103F-16F7-4668-BE54-9A1E7A4F7556}") = "Credit.Front.Server", "Modules\Front\Credit.Front\Server\Credit.Front.Server.csproj", "{8CCB4909-FFD1-473E-ABE2-F3E9B8F488AF}"
EndProject
Project("{9A19103F-16F7-4668-BE54-9A1E7A4F7556}") = "Credit.Front.Client", "Modules\Front\Credit.Front\Client\Credit.Front.Client.csproj", "{B4B750C9-CBF6-4193-BB5C-6993D4D7D42E}"
EndProject
Project("{9A19103F-16F7-4668-BE54-9A1E7A4F7556}") = "Credit.Front.Shared", "Modules\Front\Credit.Front\Shared\Credit.Front.Shared.csproj", "{885C53AE-1881-4FDD-A56E-2255CBC4D58C}"
EndProject
Project("{2150E333-8FDC-42A3-9474-1A3956D46DE8}") = "Solution Items", "Solution Items", "{0BDACD16-4720-441D-8B18-8C5DC739A9C1}"
EndProject
Project("{2150E333-8FDC-42A3-9474-1A3956D46DE8}") = "Functions", "Functions", "{2FD540FE-6287-483D-B4DF-377D049D783B}"
EndProject
Project("{9A19103F-16F7-4668-BE54-9A1E7A4F7556}") = "CreditProcessFunctions", "Modules\Functions\CreditProcessFunctions\CreditProcessFunctions.csproj", "{40550D8F-B9A1-4E8A-9356-12DCCF3393D7}"
EndProject
Project("{2150E333-8FDC-42A3-9474-1A3956D46DE8}") = "Processes", "Processes", "{6B28D554-D734-4B2A-B378-59130126A570}"
EndProject
Project("{9A19103F-16F7-4668-BE54-9A1E7A4F7556}") = "Processes.Application", "Modules\Processes\Processes.Application\Processes.Application.csproj", "{C10516A8-188B-46C3-9051-6689E8B25824}"
EndProject
Project("{FAE04EC0-301F-11D3-BF4B-00C04F79EFBC}") = "Processes.WebApi", "Modules\Processes\Processes.WebApi\Processes.WebApi.csproj", "{3D877C87-DE9C-4740-B85F-83333A3E2862}"
EndProject
Project("{2150E333-8FDC-42A3-9474-1A3956D46DE8}") = "Aspire", "Aspire", "{ED9D9A90-5BB8-4A26-B4A9-C90549CDB842}"
EndProject
Project("{FAE04EC0-301F-11D3-BF4B-00C04F79EFBC}") = "Aspire.AppHost", "Modules\Aspire\Aspire\Aspire.AppHost\Aspire.AppHost.csproj", "{8858823A-B77F-4BC0-B417-DC4FC6FCFA84}"
EndProject
Project("{9A19103F-16F7-4668-BE54-9A1E7A4F7556}") = "Aspire.ServiceDefaults", "Modules\Aspire\Aspire\Aspire.ServiceDefaults\Aspire.ServiceDefaults.csproj", "{1569B003-2B06-4A4F-B9E3-D2BB832A88A5}"
EndProject
Global
	GlobalSection(SolutionConfigurationPlatforms) = preSolution
		Debug|Any CPU = Debug|Any CPU
		Release|Any CPU = Release|Any CPU
	EndGlobalSection
	GlobalSection(ProjectConfigurationPlatforms) = postSolution
		{6DA4EBCA-EF14-4814-B464-E8FD28152C6D}.Debug|Any CPU.ActiveCfg = Debug|Any CPU
		{6DA4EBCA-EF14-4814-B464-E8FD28152C6D}.Debug|Any CPU.Build.0 = Debug|Any CPU
		{6DA4EBCA-EF14-4814-B464-E8FD28152C6D}.Release|Any CPU.ActiveCfg = Release|Any CPU
		{6DA4EBCA-EF14-4814-B464-E8FD28152C6D}.Release|Any CPU.Build.0 = Release|Any CPU
		{3906B394-A571-400C-8857-AAEFB0915E13}.Debug|Any CPU.ActiveCfg = Debug|Any CPU
		{3906B394-A571-400C-8857-AAEFB0915E13}.Debug|Any CPU.Build.0 = Debug|Any CPU
		{3906B394-A571-400C-8857-AAEFB0915E13}.Release|Any CPU.ActiveCfg = Release|Any CPU
		{3906B394-A571-400C-8857-AAEFB0915E13}.Release|Any CPU.Build.0 = Release|Any CPU
		{F65B660A-3D47-4D6F-A544-A8953F9D2554}.Debug|Any CPU.ActiveCfg = Debug|Any CPU
		{F65B660A-3D47-4D6F-A544-A8953F9D2554}.Debug|Any CPU.Build.0 = Debug|Any CPU
		{F65B660A-3D47-4D6F-A544-A8953F9D2554}.Release|Any CPU.ActiveCfg = Release|Any CPU
		{F65B660A-3D47-4D6F-A544-A8953F9D2554}.Release|Any CPU.Build.0 = Release|Any CPU
		{A185CA2A-24C7-461F-BF07-A80B4FFD23C9}.Debug|Any CPU.ActiveCfg = Debug|Any CPU
		{A185CA2A-24C7-461F-BF07-A80B4FFD23C9}.Debug|Any CPU.Build.0 = Debug|Any CPU
		{A185CA2A-24C7-461F-BF07-A80B4FFD23C9}.Release|Any CPU.ActiveCfg = Release|Any CPU
		{A185CA2A-24C7-461F-BF07-A80B4FFD23C9}.Release|Any CPU.Build.0 = Release|Any CPU
		{5289AD69-8844-463B-A99A-BB6EB7A7127E}.Debug|Any CPU.ActiveCfg = Debug|Any CPU
		{5289AD69-8844-463B-A99A-BB6EB7A7127E}.Debug|Any CPU.Build.0 = Debug|Any CPU
		{5289AD69-8844-463B-A99A-BB6EB7A7127E}.Release|Any CPU.ActiveCfg = Release|Any CPU
		{5289AD69-8844-463B-A99A-BB6EB7A7127E}.Release|Any CPU.Build.0 = Release|Any CPU
		{418CFE30-1EBC-4F49-8464-765601EF037C}.Debug|Any CPU.ActiveCfg = Debug|Any CPU
		{418CFE30-1EBC-4F49-8464-765601EF037C}.Debug|Any CPU.Build.0 = Debug|Any CPU
		{418CFE30-1EBC-4F49-8464-765601EF037C}.Release|Any CPU.ActiveCfg = Release|Any CPU
		{418CFE30-1EBC-4F49-8464-765601EF037C}.Release|Any CPU.Build.0 = Release|Any CPU
		{150B0C3C-9239-4115-8504-6429207DC0AC}.Debug|Any CPU.ActiveCfg = Debug|Any CPU
		{150B0C3C-9239-4115-8504-6429207DC0AC}.Debug|Any CPU.Build.0 = Debug|Any CPU
		{150B0C3C-9239-4115-8504-6429207DC0AC}.Release|Any CPU.ActiveCfg = Release|Any CPU
		{150B0C3C-9239-4115-8504-6429207DC0AC}.Release|Any CPU.Build.0 = Release|Any CPU
		{8CCB4909-FFD1-473E-ABE2-F3E9B8F488AF}.Debug|Any CPU.ActiveCfg = Debug|Any CPU
		{8CCB4909-FFD1-473E-ABE2-F3E9B8F488AF}.Debug|Any CPU.Build.0 = Debug|Any CPU
		{8CCB4909-FFD1-473E-ABE2-F3E9B8F488AF}.Release|Any CPU.ActiveCfg = Release|Any CPU
		{8CCB4909-FFD1-473E-ABE2-F3E9B8F488AF}.Release|Any CPU.Build.0 = Release|Any CPU
		{B4B750C9-CBF6-4193-BB5C-6993D4D7D42E}.Debug|Any CPU.ActiveCfg = Debug|Any CPU
		{B4B750C9-CBF6-4193-BB5C-6993D4D7D42E}.Debug|Any CPU.Build.0 = Debug|Any CPU
		{B4B750C9-CBF6-4193-BB5C-6993D4D7D42E}.Release|Any CPU.ActiveCfg = Release|Any CPU
		{B4B750C9-CBF6-4193-BB5C-6993D4D7D42E}.Release|Any CPU.Build.0 = Release|Any CPU
		{885C53AE-1881-4FDD-A56E-2255CBC4D58C}.Debug|Any CPU.ActiveCfg = Debug|Any CPU
		{885C53AE-1881-4FDD-A56E-2255CBC4D58C}.Debug|Any CPU.Build.0 = Debug|Any CPU
		{885C53AE-1881-4FDD-A56E-2255CBC4D58C}.Release|Any CPU.ActiveCfg = Release|Any CPU
		{885C53AE-1881-4FDD-A56E-2255CBC4D58C}.Release|Any CPU.Build.0 = Release|Any CPU
		{40550D8F-B9A1-4E8A-9356-12DCCF3393D7}.Debug|Any CPU.ActiveCfg = Debug|Any CPU
		{40550D8F-B9A1-4E8A-9356-12DCCF3393D7}.Debug|Any CPU.Build.0 = Debug|Any CPU
		{40550D8F-B9A1-4E8A-9356-12DCCF3393D7}.Release|Any CPU.ActiveCfg = Release|Any CPU
		{40550D8F-B9A1-4E8A-9356-12DCCF3393D7}.Release|Any CPU.Build.0 = Release|Any CPU
		{C10516A8-188B-46C3-9051-6689E8B25824}.Debug|Any CPU.ActiveCfg = Debug|Any CPU
		{C10516A8-188B-46C3-9051-6689E8B25824}.Debug|Any CPU.Build.0 = Debug|Any CPU
		{C10516A8-188B-46C3-9051-6689E8B25824}.Release|Any CPU.ActiveCfg = Release|Any CPU
		{C10516A8-188B-46C3-9051-6689E8B25824}.Release|Any CPU.Build.0 = Release|Any CPU
		{3D877C87-DE9C-4740-B85F-83333A3E2862}.Debug|Any CPU.ActiveCfg = Debug|Any CPU
		{3D877C87-DE9C-4740-B85F-83333A3E2862}.Debug|Any CPU.Build.0 = Debug|Any CPU
		{3D877C87-DE9C-4740-B85F-83333A3E2862}.Release|Any CPU.ActiveCfg = Release|Any CPU
		{3D877C87-DE9C-4740-B85F-83333A3E2862}.Release|Any CPU.Build.0 = Release|Any CPU
		{8858823A-B77F-4BC0-B417-DC4FC6FCFA84}.Debug|Any CPU.ActiveCfg = Debug|Any CPU
		{8858823A-B77F-4BC0-B417-DC4FC6FCFA84}.Debug|Any CPU.Build.0 = Debug|Any CPU
		{8858823A-B77F-4BC0-B417-DC4FC6FCFA84}.Release|Any CPU.ActiveCfg = Release|Any CPU
		{8858823A-B77F-4BC0-B417-DC4FC6FCFA84}.Release|Any CPU.Build.0 = Release|Any CPU
		{1569B003-2B06-4A4F-B9E3-D2BB832A88A5}.Debug|Any CPU.ActiveCfg = Debug|Any CPU
		{1569B003-2B06-4A4F-B9E3-D2BB832A88A5}.Debug|Any CPU.Build.0 = Debug|Any CPU
		{1569B003-2B06-4A4F-B9E3-D2BB832A88A5}.Release|Any CPU.ActiveCfg = Release|Any CPU
		{1569B003-2B06-4A4F-B9E3-D2BB832A88A5}.Release|Any CPU.Build.0 = Release|Any CPU
	EndGlobalSection
	GlobalSection(SolutionProperties) = preSolution
		HideSolutionNode = FALSE
	EndGlobalSection
	GlobalSection(NestedProjects) = preSolution
		{59F31712-DFCD-4F38-A08D-BA6CF270CD58} = {6DA2ACEC-049D-4542-8199-3777F65BF003}
		{6DA4EBCA-EF14-4814-B464-E8FD28152C6D} = {59F31712-DFCD-4F38-A08D-BA6CF270CD58}
		{3906B394-A571-400C-8857-AAEFB0915E13} = {59F31712-DFCD-4F38-A08D-BA6CF270CD58}
		{F65B660A-3D47-4D6F-A544-A8953F9D2554} = {76F25135-7025-4D8E-A8C0-66CED09ADDAD}
		{5657C541-D5D8-45F2-8F42-99CD0CE9FA66} = {6DA2ACEC-049D-4542-8199-3777F65BF003}
		{5289AD69-8844-463B-A99A-BB6EB7A7127E} = {5657C541-D5D8-45F2-8F42-99CD0CE9FA66}
		{418CFE30-1EBC-4F49-8464-765601EF037C} = {5657C541-D5D8-45F2-8F42-99CD0CE9FA66}
		{150B0C3C-9239-4115-8504-6429207DC0AC} = {9625277D-CE06-4BC3-B0FE-D8BFF6E88030}
		{9206460F-DA5F-4518-87EC-AA4D8A364EAB} = {6DA2ACEC-049D-4542-8199-3777F65BF003}
		{8CCB4909-FFD1-473E-ABE2-F3E9B8F488AF} = {9206460F-DA5F-4518-87EC-AA4D8A364EAB}
		{B4B750C9-CBF6-4193-BB5C-6993D4D7D42E} = {9206460F-DA5F-4518-87EC-AA4D8A364EAB}
		{885C53AE-1881-4FDD-A56E-2255CBC4D58C} = {9206460F-DA5F-4518-87EC-AA4D8A364EAB}
		{2FD540FE-6287-483D-B4DF-377D049D783B} = {6DA2ACEC-049D-4542-8199-3777F65BF003}
		{40550D8F-B9A1-4E8A-9356-12DCCF3393D7} = {2FD540FE-6287-483D-B4DF-377D049D783B}
		{6B28D554-D734-4B2A-B378-59130126A570} = {6DA2ACEC-049D-4542-8199-3777F65BF003}
		{C10516A8-188B-46C3-9051-6689E8B25824} = {6B28D554-D734-4B2A-B378-59130126A570}
		{3D877C87-DE9C-4740-B85F-83333A3E2862} = {6B28D554-D734-4B2A-B378-59130126A570}
		{ED9D9A90-5BB8-4A26-B4A9-C90549CDB842} = {6DA2ACEC-049D-4542-8199-3777F65BF003}
		{8858823A-B77F-4BC0-B417-DC4FC6FCFA84} = {ED9D9A90-5BB8-4A26-B4A9-C90549CDB842}
		{1569B003-2B06-4A4F-B9E3-D2BB832A88A5} = {ED9D9A90-5BB8-4A26-B4A9-C90549CDB842}
	EndGlobalSection
	GlobalSection(ExtensibilityGlobals) = postSolution
		SolutionGuid = {17E55403-D298-4E59-BD45-F0AE945859D1}
	EndGlobalSection
EndGlobal
